<?xml version="1.0" encoding="utf-8"?>
<Project ToolsVersion="4.0" xmlns="http://schemas.microsoft.com/developer/msbuild/2003">
  <ItemGroup>
    <Filter Include="Dao">
      <UniqueIdentifier>{2a40d28a-1036-4447-a12a-6d41f433323b}</UniqueIdentifier>
    </Filter>
    <Filter Include="AdoDotNet">
      <UniqueIdentifier>{f5e9303a-be09-4be2-86c4-aece5abd9b1a}</UniqueIdentifier>
    </Filter>
    <Filter Include="LogImpl">
      <UniqueIdentifier>{c014d4c5-0e2e-4c15-b92d-30e2f020aba6}</UniqueIdentifier>
    </Filter>
    <Filter Include="SqLite">
      <UniqueIdentifier>{e2801fdf-4b6e-46ca-b7f1-e8c18712218b}</UniqueIdentifier>
    </Filter>
    <Filter Include="JsonUtils">
      <UniqueIdentifier>{1cedfd22-db54-420b-b763-f783e3346adf}</UniqueIdentifier>
    </Filter>
    <Filter Include="JsonUtils\RapidJson">
      <UniqueIdentifier>{12b7c052-8561-4bf5-a74e-91561a35e057}</UniqueIdentifier>
    </Filter>
  </ItemGroup>
  <ItemGroup>
    <ClCompile Include="Dao\DaoDatabaseImpl.cpp">
      <Filter>Dao</Filter>
    </ClCompile>
    <ClCompile Include="Dao\DaoRecordsetImpl.cpp">
      <Filter>Dao</Filter>
    </ClCompile>
    <ClCompile Include="DBUtilsImpl.cpp" />
    <ClCompile Include="StdAfx.cpp" />
    <ClCompile Include="AdoDotNet\AdoDotNetDatabaseImpl.cpp">
      <Filter>AdoDotNet</Filter>
    </ClCompile>
    <ClCompile Include="AdoDotNet\AdoDotNetImpl.cpp">
      <Filter>AdoDotNet</Filter>
    </ClCompile>
    <ClCompile Include="AdoDotNet\AdoDotNetRecordsetImpl.cpp">
      <Filter>AdoDotNet</Filter>
    </ClCompile>
    <ClCompile Include="LogImpl\LogImpl.cpp">
      <Filter>LogImpl</Filter>
    </ClCompile>
    <ClCompile Include="Dao\DaoErrorHandler.cpp">
      <Filter>Dao</Filter>
    </ClCompile>
    <ClCompile Include="Dao\DAOExtensions.cpp">
      <Filter>Dao</Filter>
    </ClCompile>
    <ClCompile Include="sqlite\SqLiteRecordsetImpl.cpp">
      <Filter>SqLite</Filter>
    </ClCompile>
    <ClCompile Include="sqlite\SqLiteErrorHandler.cpp">
      <Filter>SqLite</Filter>
    </ClCompile>
    <ClCompile Include="dsDatabase.cpp" />
    <ClCompile Include="dsTable.cpp" />
    <ClCompile Include="JsonUtils\jsonparser.cpp">
      <Filter>JsonUtils</Filter>
    </ClCompile>
    <ClCompile Include="dsStrConv.cpp" />
    <ClCompile Include="dsCopyTableData.cpp" />
    <ClCompile Include="sqlite\sqlite_copy_table.cpp">
      <Filter>SqLite</Filter>
    </ClCompile>
    <ClCompile Include="sqlite\sqlite_table_info.cpp">
      <Filter>SqLite</Filter>
    </ClCompile>
    <ClCompile Include="sqlite\sqlite_bind_util.cpp">
      <Filter>SqLite</Filter>
    </ClCompile>
    <ClCompile Include="JsonUtils\rapid_impl.cpp">
      <Filter>JsonUtils</Filter>
    </ClCompile>
    <ClCompile Include="sqlite\sqlite_database_impl.cpp">
      <Filter>SqLite</Filter>
    </ClCompile>
  </ItemGroup>
  <ItemGroup>
    <ClInclude Include="Dao\DaoDatabaseImpl.h">
      <Filter>Dao</Filter>
    </ClInclude>
    <ClInclude Include="Dao\DaoRecordsetImpl.h">
      <Filter>Dao</Filter>
    </ClInclude>
    <ClInclude Include="AbsDatabase.h" />
    <ClInclude Include="AbsRecordset.h" />
    <ClInclude Include="DBUtilsImpl.h" />
    <ClInclude Include="StdAfx.h" />
    <ClInclude Include="AdoDotNet\AdoDotNetDatabaseImpl.h">
      <Filter>AdoDotNet</Filter>
    </ClInclude>
    <ClInclude Include="AdoDotNet\AdoDotNetImpl.h">
      <Filter>AdoDotNet</Filter>
    </ClInclude>
    <ClInclude Include="AdoDotNet\AdoDotNetRecordsetImpl.h">
      <Filter>AdoDotNet</Filter>
    </ClInclude>
    <ClInclude Include="Dao\DaoDatabaseUtil.h">
      <Filter>Dao</Filter>
    </ClInclude>
    <ClInclude Include="Dao\DaoBinaryFieldUtil.h">
      <Filter>Dao</Filter>
    </ClInclude>
    <ClInclude Include="Dao\DAOExtensions.h">
      <Filter>Dao</Filter>
    </ClInclude>
    <ClInclude Include="LogImpl\LogImpl.h">
      <Filter>LogImpl</Filter>
    </ClInclude>
    <ClInclude Include="Dao\DaoErrorHandler.h">
      <Filter>Dao</Filter>
    </ClInclude>
    <ClInclude Include="sqlite\SqLiteRecordsetImpl.h">
      <Filter>SqLite</Filter>
    </ClInclude>
    <ClInclude Include="sqlite\SqLiteErrorHandler.h">
      <Filter>SqLite</Filter>
    </ClInclude>
    <ClInclude Include="dsDatabaseListener.h" />
    <ClInclude Include="dsDatabase.h" />
    <ClInclude Include="dsTable.h" />
    <ClInclude Include="sqlite\sqlite_include.h">
      <Filter>SqLite</Filter>
    </ClInclude>
    <ClInclude Include="JsonUtils\jsonparser.h">
      <Filter>JsonUtils</Filter>
    </ClInclude>
    <ClInclude Include="JsonUtils\RapidJson\allocators.h">
      <Filter>JsonUtils\RapidJson</Filter>
    </ClInclude>
    <ClInclude Include="JsonUtils\RapidJson\document.h">
      <Filter>JsonUtils\RapidJson</Filter>
    </ClInclude>
    <ClInclude Include="JsonUtils\RapidJson\encodedstream.h">
      <Filter>JsonUtils\RapidJson</Filter>
    </ClInclude>
    <ClInclude Include="JsonUtils\RapidJson\encodings.h">
      <Filter>JsonUtils\RapidJson</Filter>
    </ClInclude>
    <ClInclude Include="JsonUtils\RapidJson\filereadstream.h">
      <Filter>JsonUtils\RapidJson</Filter>
    </ClInclude>
    <ClInclude Include="JsonUtils\RapidJson\filewritestream.h">
      <Filter>JsonUtils\RapidJson</Filter>
    </ClInclude>
    <ClInclude Include="JsonUtils\RapidJson\memorybuffer.h">
      <Filter>JsonUtils\RapidJson</Filter>
    </ClInclude>
    <ClInclude Include="JsonUtils\RapidJson\memorystream.h">
      <Filter>JsonUtils\RapidJson</Filter>
    </ClInclude>
    <ClInclude Include="JsonUtils\RapidJson\pointer.h">
      <Filter>JsonUtils\RapidJson</Filter>
    </ClInclude>
    <ClInclude Include="JsonUtils\RapidJson\prettywriter.h">
      <Filter>JsonUtils\RapidJson</Filter>
    </ClInclude>
    <ClInclude Include="JsonUtils\RapidJson\rapidjson.h">
      <Filter>JsonUtils\RapidJson</Filter>
    </ClInclude>
    <ClInclude Include="JsonUtils\RapidJson\reader.h">
      <Filter>JsonUtils\RapidJson</Filter>
    </ClInclude>
    <ClInclude Include="JsonUtils\RapidJson\stringbuffer.h">
      <Filter>JsonUtils\RapidJson</Filter>
    </ClInclude>
    <ClInclude Include="JsonUtils\RapidJson\writer.h">
      <Filter>JsonUtils\RapidJson</Filter>
    </ClInclude>
    <ClInclude Include="JsonUtils\rapid_impl.h">
      <Filter>JsonUtils</Filter>
    </ClInclude>
    <ClInclude Include="dsStrConv.h" />
    <ClInclude Include="dsCopyTableData.h" />
    <ClInclude Include="sqlite\sqlite_copy_table.h">
      <Filter>SqLite</Filter>
    </ClInclude>
    <ClInclude Include="sqlite\sqlite_table_info.h">
      <Filter>SqLite</Filter>
    </ClInclude>
    <ClInclude Include="sqlite\sqlite_bind_util.h">
      <Filter>SqLite</Filter>
    </ClInclude>
    <ClInclude Include="dsTypes.h" />
    <ClInclude Include="sqlite\sqlite_database_impl.h">
      <Filter>SqLite</Filter>
    </ClInclude>
    <ClInclude Include="sqlite\sqlite3.h">
      <Filter>SqLite</Filter>
    </ClInclude>
    <ClInclude Include="dsTableFieldInfo.h" />
  </ItemGroup>
</Project>